
Microsoft Visual Studio Solution File, Format Version 12.00
# Visual Studio Version 17
VisualStudioVersion = 17.9.34622.214
MinimumVisualStudioVersion = 10.0.40219.1
Project("{FAE04EC0-301F-11D3-BF4B-00C04F79EFBC}") = "CRUDReactMVC.Server", "CRUDReactMVC.Server\CRUDReactMVC.Server.csproj", "{4220E1BE-387C-4F3F-A5AF-BC946CED96A0}"
EndProject
Project("{54A90642-561A-4BB1-A94E-469ADEE60C69}") = "crudreactmvc.client", "crudreactmvc.client\crudreactmvc.client.esproj", "{48F8F2E6-7824-476B-8B91-BF984A4A28B3}"
EndProject
Global
	GlobalSection(SolutionConfigurationPlatforms) = preSolution
		Debug|Any CPU = Debug|Any CPU
		Release|Any CPU = Release|Any CPU
	EndGlobalSection
	GlobalSection(ProjectConfigurationPlatforms) = postSolution
		{4220E1BE-387C-4F3F-A5AF-BC946CED96A0}.Debug|Any CPU.ActiveCfg = Debug|Any CPU
		{4220E1BE-387C-4F3F-A5AF-BC946CED96A0}.Debug|Any CPU.Build.0 = Debug|Any CPU
		{4220E1BE-387C-4F3F-A5AF-BC946CED96A0}.Release|Any CPU.ActiveCfg = Release|Any CPU
		{4220E1BE-387C-4F3F-A5AF-BC946CED96A0}.Release|Any CPU.Build.0 = Release|Any CPU
		{48F8F2E6-7824-476B-8B91-BF984A4A28B3}.Debug|Any CPU.ActiveCfg = Debug|Any CPU
		{48F8F2E6-7824-476B-8B91-BF984A4A28B3}.Debug|Any CPU.Build.0 = Debug|Any CPU
		{48F8F2E6-7824-476B-8B91-BF984A4A28B3}.Debug|Any CPU.Deploy.0 = Debug|Any CPU
		{48F8F2E6-7824-476B-8B91-BF984A4A28B3}.Release|Any CPU.ActiveCfg = Release|Any CPU
		{48F8F2E6-7824-476B-8B91-BF984A4A28B3}.Release|Any CPU.Build.0 = Release|Any CPU
		{48F8F2E6-7824-476B-8B91-BF984A4A28B3}.Release|Any CPU.Deploy.0 = Release|Any CPU
	EndGlobalSection
	GlobalSection(SolutionProperties) = preSolution
		HideSolutionNode = FALSE
	EndGlobalSection
	GlobalSection(ExtensibilityGlobals) = postSolution
		SolutionGuid = {25687D97-C090-4E22-B02F-5A17C8D39E6A}
	EndGlobalSection
EndGlobal
